
Microsoft Visual Studio Solution File, Format Version 12.00
# Visual Studio Version 17
VisualStudioVersion = 17.8.34309.116
MinimumVisualStudioVersion = 10.0.40219.1
Project("{FAE04EC0-301F-11D3-BF4B-00C04F79EFBC}") = "Logistics", "Logistics.csproj", "{C044DF89-6D57-4A61-BC29-AB5C8A817616}"
EndProject
Global
	GlobalSection(SolutionConfigurationPlatforms) = preSolution
		Debug|Any CPU = Debug|Any CPU
		Release|Any CPU = Release|Any CPU
	EndGlobalSection
	GlobalSection(ProjectConfigurationPlatforms) = postSolution
		{C044DF89-6D57-4A61-BC29-AB5C8A817616}.Debug|Any CPU.ActiveCfg = Debug|Any CPU
		{C044DF89-6D57-4A61-BC29-AB5C8A817616}.Debug|Any CPU.Build.0 = Debug|Any CPU
		{C044DF89-6D57-4A61-BC29-AB5C8A817616}.Release|Any CPU.ActiveCfg = Release|Any CPU
		{C044DF89-6D57-4A61-BC29-AB5C8A817616}.Release|Any CPU.Build.0 = Release|Any CPU
	EndGlobalSection
	GlobalSection(SolutionProperties) = preSolution
		HideSolutionNode = FALSE
	EndGlobalSection
	GlobalSection(ExtensibilityGlobals) = postSolution
		SolutionGuid = {4AD095CF-A783-4478-9FED-749BBC771BC9}
	EndGlobalSection
EndGlobal
